{
    "_meta": {
        "hash": {
            "sha256": "d408881ae3624d61388e9a777c4e61e9c23593baa6cb2dbcc06a9be5ecefa432"
        },
        "pipfile-spec": 6,
        "requires": {
            "python_version": "3.6"
        },
        "sources": [
            {
                "name": "pypi",
                "url": "https://pypi.org/simple",
                "verify_ssl": true
            }
        ]
    },
    "default": {
        "pyserial": {
            "hashes": [
                "sha256:6e2d401fdee0eab996cf734e67773a0143b932772ca8b42451440cfed942c627",
                "sha256:e0770fadba80c31013896c7e6ef703f72e7834965954a78e71a3049488d4d7d8"
            ],
            "index": "pypi",
            "version": "==3.4"
        }
    },
    "develop": {}
}
